
Microsoft Visual Studio Solution File, Format Version 12.00
# Visual Studio Version 16
VisualStudioVersion = 16.0.29123.88
MinimumVisualStudioVersion = 10.0.40219.1
Project("{FAE04EC0-301F-11D3-BF4B-00C04F79EFBC}") = "OutlookEmail", "OutlookEmail\OutlookEmail.csproj", "{455C6505-0A4B-4741-B6F2-D1641D13BF7F}"
EndProject
Global
	GlobalSection(SolutionConfigurationPlatforms) = preSolution
		Debug|Any CPU = Debug|Any CPU
		Release|Any CPU = Release|Any CPU
	EndGlobalSection
	GlobalSection(ProjectConfigurationPlatforms) = postSolution
		{455C6505-0A4B-4741-B6F2-D1641D13BF7F}.Debug|Any CPU.ActiveCfg = Debug|Any CPU
		{455C6505-0A4B-4741-B6F2-D1641D13BF7F}.Debug|Any CPU.Build.0 = Debug|Any CPU
		{455C6505-0A4B-4741-B6F2-D1641D13BF7F}.Release|Any CPU.ActiveCfg = Release|Any CPU
		{455C6505-0A4B-4741-B6F2-D1641D13BF7F}.Release|Any CPU.Build.0 = Release|Any CPU
	EndGlobalSection
	GlobalSection(SolutionProperties) = preSolution
		HideSolutionNode = FALSE
	EndGlobalSection
	GlobalSection(ExtensibilityGlobals) = postSolution
		SolutionGuid = {382287A7-E543-42BF-BFE5-A0C8BFE2490F}
	EndGlobalSection
EndGlobal
